
Microsoft Visual Studio Solution File, Format Version 12.00
# Visual Studio Version 16
VisualStudioVersion = 16.0.31129.286
MinimumVisualStudioVersion = 10.0.40219.1
Project("{FAE04EC0-301F-11D3-BF4B-00C04F79EFBC}") = "WindowsFormsApp5", "WindowsFormsApp5\WindowsFormsApp5.csproj", "{908C41A5-D5D3-4B88-AB86-A9F256EDC361}"
EndProject
Global
	GlobalSection(SolutionConfigurationPlatforms) = preSolution
		Debug|Any CPU = Debug|Any CPU
		Release|Any CPU = Release|Any CPU
	EndGlobalSection
	GlobalSection(ProjectConfigurationPlatforms) = postSolution
		{908C41A5-D5D3-4B88-AB86-A9F256EDC361}.Debug|Any CPU.ActiveCfg = Debug|Any CPU
		{908C41A5-D5D3-4B88-AB86-A9F256EDC361}.Debug|Any CPU.Build.0 = Debug|Any CPU
		{908C41A5-D5D3-4B88-AB86-A9F256EDC361}.Release|Any CPU.ActiveCfg = Release|Any CPU
		{908C41A5-D5D3-4B88-AB86-A9F256EDC361}.Release|Any CPU.Build.0 = Release|Any CPU
	EndGlobalSection
	GlobalSection(SolutionProperties) = preSolution
		HideSolutionNode = FALSE
	EndGlobalSection
	GlobalSection(ExtensibilityGlobals) = postSolution
		SolutionGuid = {55FE45D3-6489-46D2-84DB-B967B119BE90}
	EndGlobalSection
EndGlobal
