
Microsoft Visual Studio Solution File, Format Version 12.00
# Visual Studio Version 16
VisualStudioVersion = 16.0.31005.135
MinimumVisualStudioVersion = 10.0.40219.1
Project("{FAE04EC0-301F-11D3-BF4B-00C04F79EFBC}") = "WindowsFormsApp1", "WindowsFormsApp1\WindowsFormsApp1.csproj", "{40F50EEF-6B48-411F-B8D3-FFABAAAB4F63}"
EndProject
Global
	GlobalSection(SolutionConfigurationPlatforms) = preSolution
		Debug|Any CPU = Debug|Any CPU
		Release|Any CPU = Release|Any CPU
	EndGlobalSection
	GlobalSection(ProjectConfigurationPlatforms) = postSolution
		{40F50EEF-6B48-411F-B8D3-FFABAAAB4F63}.Debug|Any CPU.ActiveCfg = Debug|Any CPU
		{40F50EEF-6B48-411F-B8D3-FFABAAAB4F63}.Debug|Any CPU.Build.0 = Debug|Any CPU
		{40F50EEF-6B48-411F-B8D3-FFABAAAB4F63}.Release|Any CPU.ActiveCfg = Release|Any CPU
		{40F50EEF-6B48-411F-B8D3-FFABAAAB4F63}.Release|Any CPU.Build.0 = Release|Any CPU
	EndGlobalSection
	GlobalSection(SolutionProperties) = preSolution
		HideSolutionNode = FALSE
	EndGlobalSection
	GlobalSection(ExtensibilityGlobals) = postSolution
		SolutionGuid = {1842E4B5-9A36-4AFC-8682-286740A52D34}
	EndGlobalSection
EndGlobal
